
Microsoft Visual Studio Solution File, Format Version 12.00
# Visual Studio Version 16
VisualStudioVersion = 16.0.31702.278
MinimumVisualStudioVersion = 10.0.40219.1
Project("{FAE04EC0-301F-11D3-BF4B-00C04F79EFBC}") = "Pachie.App.Logger", "Pachie.App.Logger.csproj", "{A4F5CC84-83D3-44F0-91FB-0F045A5EA02A}"
EndProject
Global
	GlobalSection(SolutionConfigurationPlatforms) = preSolution
		Debug|Any CPU = Debug|Any CPU
		Release|Any CPU = Release|Any CPU
	EndGlobalSection
	GlobalSection(ProjectConfigurationPlatforms) = postSolution
		{A4F5CC84-83D3-44F0-91FB-0F045A5EA02A}.Debug|Any CPU.ActiveCfg = Debug|Any CPU
		{A4F5CC84-83D3-44F0-91FB-0F045A5EA02A}.Debug|Any CPU.Build.0 = Debug|Any CPU
		{A4F5CC84-83D3-44F0-91FB-0F045A5EA02A}.Release|Any CPU.ActiveCfg = Release|Any CPU
		{A4F5CC84-83D3-44F0-91FB-0F045A5EA02A}.Release|Any CPU.Build.0 = Release|Any CPU
	EndGlobalSection
	GlobalSection(SolutionProperties) = preSolution
		HideSolutionNode = FALSE
	EndGlobalSection
	GlobalSection(ExtensibilityGlobals) = postSolution
		SolutionGuid = {B0F9B16A-B96C-4445-892E-10B51A3979B8}
	EndGlobalSection
EndGlobal
